
Microsoft Visual Studio Solution File, Format Version 12.00
# Visual Studio 14
VisualStudioVersion = 14.0.25420.1
MinimumVisualStudioVersion = 10.0.40219.1
Project("{2150E333-8FDC-42A3-9474-1A3956D46DE8}") = "Solution Items", "Solution Items", "{9B59B158-8A7A-4EB3-BE2B-38F47C5330E4}"
EndProject
Project("{FAE04EC0-301F-11D3-BF4B-00C04F79EFBC}") = "2 - NumberReverse", "2 - NumberSwap\2 - NumberReverse.csproj", "{CEB88ABD-A1DB-4A99-884E-7D15B463F58E}"
EndProject
Project("{FAE04EC0-301F-11D3-BF4B-00C04F79EFBC}") = "1 - TwoNumberSwap", "1 - TwoNumberSwap\1 - TwoNumberSwap.csproj", "{08EC224B-08C6-48D5-8981-AFAF0086A740}"
EndProject
Project("{FAE04EC0-301F-11D3-BF4B-00C04F79EFBC}") = "3 - Time(NoCycles)", "3 - Time(NoCycles)\3 - Time(NoCycles).csproj", "{DD2BCD66-A59E-430A-9611-671896D34F66}"
EndProject
Project("{FAE04EC0-301F-11D3-BF4B-00C04F79EFBC}") = "4 - prime divisors", "4 - prime divisors\4 - prime divisors.csproj", "{0E874A27-87D7-4B99-AF79-F7F951250C8B}"
EndProject
Project("{FAE04EC0-301F-11D3-BF4B-00C04F79EFBC}") = "5 - leap", "5 - leap\5 - leap.csproj", "{1ADAA23F-C9BF-47CF-A3AB-E6475D196089}"
EndProject
Project("{FAE04EC0-301F-11D3-BF4B-00C04F79EFBC}") = "6 - distance", "6 - distance\6 - distance.csproj", "{D78BEC8A-C7B9-46F8-ABEE-6F9C51AD684E}"
EndProject
Global
	GlobalSection(SolutionConfigurationPlatforms) = preSolution
		Debug|Any CPU = Debug|Any CPU
		Release|Any CPU = Release|Any CPU
	EndGlobalSection
	GlobalSection(ProjectConfigurationPlatforms) = postSolution
		{CEB88ABD-A1DB-4A99-884E-7D15B463F58E}.Debug|Any CPU.ActiveCfg = Debug|Any CPU
		{CEB88ABD-A1DB-4A99-884E-7D15B463F58E}.Debug|Any CPU.Build.0 = Debug|Any CPU
		{CEB88ABD-A1DB-4A99-884E-7D15B463F58E}.Release|Any CPU.ActiveCfg = Release|Any CPU
		{CEB88ABD-A1DB-4A99-884E-7D15B463F58E}.Release|Any CPU.Build.0 = Release|Any CPU
		{08EC224B-08C6-48D5-8981-AFAF0086A740}.Debug|Any CPU.ActiveCfg = Debug|Any CPU
		{08EC224B-08C6-48D5-8981-AFAF0086A740}.Debug|Any CPU.Build.0 = Debug|Any CPU
		{08EC224B-08C6-48D5-8981-AFAF0086A740}.Release|Any CPU.ActiveCfg = Release|Any CPU
		{08EC224B-08C6-48D5-8981-AFAF0086A740}.Release|Any CPU.Build.0 = Release|Any CPU
		{DD2BCD66-A59E-430A-9611-671896D34F66}.Debug|Any CPU.ActiveCfg = Debug|Any CPU
		{DD2BCD66-A59E-430A-9611-671896D34F66}.Debug|Any CPU.Build.0 = Debug|Any CPU
		{DD2BCD66-A59E-430A-9611-671896D34F66}.Release|Any CPU.ActiveCfg = Release|Any CPU
		{DD2BCD66-A59E-430A-9611-671896D34F66}.Release|Any CPU.Build.0 = Release|Any CPU
		{0E874A27-87D7-4B99-AF79-F7F951250C8B}.Debug|Any CPU.ActiveCfg = Debug|Any CPU
		{0E874A27-87D7-4B99-AF79-F7F951250C8B}.Debug|Any CPU.Build.0 = Debug|Any CPU
		{0E874A27-87D7-4B99-AF79-F7F951250C8B}.Release|Any CPU.ActiveCfg = Release|Any CPU
		{0E874A27-87D7-4B99-AF79-F7F951250C8B}.Release|Any CPU.Build.0 = Release|Any CPU
		{1ADAA23F-C9BF-47CF-A3AB-E6475D196089}.Debug|Any CPU.ActiveCfg = Debug|Any CPU
		{1ADAA23F-C9BF-47CF-A3AB-E6475D196089}.Debug|Any CPU.Build.0 = Debug|Any CPU
		{1ADAA23F-C9BF-47CF-A3AB-E6475D196089}.Release|Any CPU.ActiveCfg = Release|Any CPU
		{1ADAA23F-C9BF-47CF-A3AB-E6475D196089}.Release|Any CPU.Build.0 = Release|Any CPU
		{D78BEC8A-C7B9-46F8-ABEE-6F9C51AD684E}.Debug|Any CPU.ActiveCfg = Debug|Any CPU
		{D78BEC8A-C7B9-46F8-ABEE-6F9C51AD684E}.Debug|Any CPU.Build.0 = Debug|Any CPU
		{D78BEC8A-C7B9-46F8-ABEE-6F9C51AD684E}.Release|Any CPU.ActiveCfg = Release|Any CPU
		{D78BEC8A-C7B9-46F8-ABEE-6F9C51AD684E}.Release|Any CPU.Build.0 = Release|Any CPU
	EndGlobalSection
	GlobalSection(SolutionProperties) = preSolution
		HideSolutionNode = FALSE
	EndGlobalSection
EndGlobal
